{
  "version": 4,
  "terraform_version": "1.11.4",
  "serial": 401,
  "lineage": "143c9165-9559-e047-f5e1-0b70cc7e9762",
  "outputs": {},
  "resources": [
    {
      "mode": "managed",
      "type": "google_project_service",
      "name": "enabled_apis",
      "provider": "provider[\"registry.terraform.io/hashicorp/google\"]",
      "instances": [
        {
          "index_key": "cloudresourcemanager.googleapis.com",
          "schema_version": 0,
          "attributes": {
            "disable_dependent_services": null,
            "disable_on_destroy": false,
            "id": "iqms-qolsys-71725/cloudresourcemanager.googleapis.com",
            "project": "iqms-qolsys-71725",
            "service": "cloudresourcemanager.googleapis.com",
            "timeouts": null
          },
          "sensitive_attributes": [],
          "private": "eyJlMmJmYjczMC1lY2FhLTExZTYtOGY4OC0zNDM2M2JjN2M0YzAiOnsiY3JlYXRlIjoxMjAwMDAwMDAwMDAwLCJkZWxldGUiOjEyMDAwMDAwMDAwMDAsInJlYWQiOjYwMDAwMDAwMDAwMCwidXBkYXRlIjoxMjAwMDAwMDAwMDAwfX0="
        },
        {
          "index_key": "compute.googleapis.com",
          "schema_version": 0,
          "attributes": {
            "disable_dependent_services": null,
            "disable_on_destroy": false,
            "id": "iqms-qolsys-71725/compute.googleapis.com",
            "project": "iqms-qolsys-71725",
            "service": "compute.googleapis.com",
            "timeouts": null
          },
          "sensitive_attributes": [],
          "private": "eyJlMmJmYjczMC1lY2FhLTExZTYtOGY4OC0zNDM2M2JjN2M0YzAiOnsiY3JlYXRlIjoxMjAwMDAwMDAwMDAwLCJkZWxldGUiOjEyMDAwMDAwMDAwMDAsInJlYWQiOjYwMDAwMDAwMDAwMCwidXBkYXRlIjoxMjAwMDAwMDAwMDAwfX0="
        },
        {
          "index_key": "container.googleapis.com",
          "schema_version": 0,
          "attributes": {
            "disable_dependent_services": null,
            "disable_on_destroy": false,
            "id": "iqms-qolsys-71725/container.googleapis.com",
            "project": "iqms-qolsys-71725",
            "service": "container.googleapis.com",
            "timeouts": null
          },
          "sensitive_attributes": [],
          "private": "eyJlMmJmYjczMC1lY2FhLTExZTYtOGY4OC0zNDM2M2JjN2M0YzAiOnsiY3JlYXRlIjoxMjAwMDAwMDAwMDAwLCJkZWxldGUiOjEyMDAwMDAwMDAwMDAsInJlYWQiOjYwMDAwMDAwMDAwMCwidXBkYXRlIjoxMjAwMDAwMDAwMDAwfX0="
        },
        {
          "index_key": "gkehub.googleapis.com",
          "schema_version": 0,
          "attributes": {
            "disable_dependent_services": null,
            "disable_on_destroy": false,
            "id": "iqms-qolsys-71725/gkehub.googleapis.com",
            "project": "iqms-qolsys-71725",
            "service": "gkehub.googleapis.com",
            "timeouts": null
          },
          "sensitive_attributes": [],
          "private": "eyJlMmJmYjczMC1lY2FhLTExZTYtOGY4OC0zNDM2M2JjN2M0YzAiOnsiY3JlYXRlIjoxMjAwMDAwMDAwMDAwLCJkZWxldGUiOjEyMDAwMDAwMDAwMDAsInJlYWQiOjYwMDAwMDAwMDAwMCwidXBkYXRlIjoxMjAwMDAwMDAwMDAwfX0="
        },
        {
          "index_key": "servicenetworking.googleapis.com",
          "schema_version": 0,
          "attributes": {
            "disable_dependent_services": null,
            "disable_on_destroy": false,
            "id": "iqms-qolsys-71725/servicenetworking.googleapis.com",
            "project": "iqms-qolsys-71725",
            "service": "servicenetworking.googleapis.com",
            "timeouts": null
          },
          "sensitive_attributes": [],
          "private": "eyJlMmJmYjczMC1lY2FhLTExZTYtOGY4OC0zNDM2M2JjN2M0YzAiOnsiY3JlYXRlIjoxMjAwMDAwMDAwMDAwLCJkZWxldGUiOjEyMDAwMDAwMDAwMDAsInJlYWQiOjYwMDAwMDAwMDAwMCwidXBkYXRlIjoxMjAwMDAwMDAwMDAwfX0="
        },
        {
          "index_key": "serviceusage.googleapis.com",
          "schema_version": 0,
          "attributes": {
            "disable_dependent_services": null,
            "disable_on_destroy": false,
            "id": "iqms-qolsys-71725/serviceusage.googleapis.com",
            "project": "iqms-qolsys-71725",
            "service": "serviceusage.googleapis.com",
            "timeouts": null
          },
          "sensitive_attributes": [],
          "private": "eyJlMmJmYjczMC1lY2FhLTExZTYtOGY4OC0zNDM2M2JjN2M0YzAiOnsiY3JlYXRlIjoxMjAwMDAwMDAwMDAwLCJkZWxldGUiOjEyMDAwMDAwMDAwMDAsInJlYWQiOjYwMDAwMDAwMDAwMCwidXBkYXRlIjoxMjAwMDAwMDAwMDAwfX0="
        }
      ]
    },
    {
      "mode": "managed",
      "type": "null_resource",
      "name": "prep",
      "provider": "provider[\"registry.terraform.io/hashicorp/null\"]",
      "instances": [
        {
          "schema_version": 0,
          "attributes": {
            "id": "1414828733049152702",
            "triggers": null
          },
          "sensitive_attributes": [],
          "dependencies": [
            "google_project_service.enabled_apis"
          ]
        }
      ]
    },
    {
      "module": "module.gke-cluster",
      "mode": "managed",
      "type": "google_container_cluster",
      "name": "primary",
      "provider": "provider[\"registry.terraform.io/hashicorp/google\"]",
      "instances": [
        {
          "schema_version": 2,
          "attributes": {
            "addons_config": [
              {
                "cloudrun_config": [],
                "config_connector_config": [],
                "dns_cache_config": [],
                "gce_persistent_disk_csi_driver_config": [
                  {
                    "enabled": true
                  }
                ],
                "gcp_filestore_csi_driver_config": [],
                "gcs_fuse_csi_driver_config": [],
                "gke_backup_agent_config": [],
                "horizontal_pod_autoscaling": [],
                "http_load_balancing": [],
                "network_policy_config": [
                  {
                    "disabled": true
                  }
                ],
                "parallelstore_csi_driver_config": [],
                "ray_operator_config": [],
                "stateful_ha_config": []
              }
            ],
            "allow_net_admin": null,
            "anonymous_authentication_config": [
              {
                "mode": "ENABLED"
              }
            ],
            "authenticator_groups_config": [],
            "binary_authorization": [
              {
                "enabled": false,
                "evaluation_mode": ""
              }
            ],
            "cluster_autoscaling": [
              {
                "auto_provisioning_defaults": [],
                "auto_provisioning_locations": [],
                "autoscaling_profile": "BALANCED",
                "enabled": false,
                "resource_limits": []
              }
            ],
            "cluster_ipv4_cidr": "10.10.0.0/20",
            "confidential_nodes": [],
            "control_plane_endpoints_config": [
              {
                "dns_endpoint_config": [
                  {
                    "allow_external_traffic": false,
                    "endpoint": "gke-4048f7ecb84a4f0cb9613a7649faf0fe5446-1053907301573.us-central1.gke.goog"
                  }
                ],
                "ip_endpoints_config": [
                  {
                    "enabled": true
                  }
                ]
              }
            ],
            "cost_management_config": [],
            "database_encryption": [
              {
                "key_name": "",
                "state": "DECRYPTED"
              }
            ],
            "datapath_provider": "",
            "default_max_pods_per_node": 110,
            "default_snat_status": [
              {
                "disabled": false
              }
            ],
            "deletion_protection": false,
            "description": "",
            "disable_l4_lb_firewall_reconciliation": false,
            "dns_config": [],
            "effective_labels": {
              "goog-terraform-provisioned": "true"
            },
            "enable_autopilot": false,
            "enable_cilium_clusterwide_network_policy": false,
            "enable_fqdn_network_policy": false,
            "enable_intranode_visibility": false,
            "enable_k8s_beta_apis": [],
            "enable_kubernetes_alpha": false,
            "enable_l4_ilb_subsetting": false,
            "enable_legacy_abac": false,
            "enable_multi_networking": false,
            "enable_shielded_nodes": true,
            "enable_tpu": false,
            "endpoint": "34.60.166.152",
            "enterprise_config": [
              {
                "cluster_tier": "STANDARD",
                "desired_tier": ""
              }
            ],
            "fleet": [],
            "gateway_api_config": [],
            "gke_auto_upgrade_config": [],
            "id": "projects/iqms-qolsys-71725/locations/us-central1/clusters/gke-dev-cluster",
            "identity_service_config": [],
            "in_transit_encryption_config": "",
            "initial_node_count": 1,
            "ip_allocation_policy": [
              {
                "additional_pod_ranges_config": [],
                "cluster_ipv4_cidr_block": "10.10.0.0/20",
                "cluster_secondary_range_name": "pods-subnet",
                "pod_cidr_overprovision_config": [
                  {
                    "disabled": false
                  }
                ],
                "services_ipv4_cidr_block": "10.20.0.0/20",
                "services_secondary_range_name": "services-subnet",
                "stack_type": "IPV4"
              }
            ],
            "label_fingerprint": "78cdf2f6",
            "location": "us-central1",
            "logging_config": [
              {
                "enable_components": [
                  "SYSTEM_COMPONENTS",
                  "WORKLOADS"
                ]
              }
            ],
            "logging_service": "logging.googleapis.com/kubernetes",
            "maintenance_policy": [],
            "master_auth": [
              {
                "client_certificate": "",
                "client_certificate_config": [
                  {
                    "issue_client_certificate": false
                  }
                ],
                "client_key": "",
                "cluster_ca_certificate": "LS0tLS1CRUdJTiBDRVJUSUZJQ0FURS0tLS0tCk1JSUVLekNDQXBPZ0F3SUJBZ0lQV1RDT3FFN1ZGRFppUFRvTU5CV2xNQTBHQ1NxR1NJYjNEUUVCQ3dVQU1DOHgKTFRBckJnTlZCQU1USkdNM04yWTNOelV4TFRaaE4yTXROR0ZsT0MxaU1EQTBMVGhtTkdKaE1UUmtObUpsWkRBZwpGdzB5TlRBM016QXdPRFEyTXpaYUdBOHlNRFUxTURjeU16QTVORFl6Tmxvd0x6RXRNQ3NHQTFVRUF4TWtZemMzClpqYzNOVEV0Tm1FM1l5MDBZV1U0TFdJd01EUXRPR1kwWW1FeE5HUTJZbVZrTUlJQm9qQU5CZ2txaGtpRzl3MEIKQVFFRkFBT0NBWThBTUlJQmlnS0NBWUVBcGJMRU5oWERjRHVRZmZQcGJLRW1wL29lWEpKRHdxa2pWL1JKR1NILwpvTHZOa0tJNlZzMFpIcmxsMUV3cHpWekx1MTgwN0dOYU9QckJlaG1yOVVaS1Y1eW9UcmR5Q1JjNGNqTnhXMlRmCklsNjJMaDhoM3JCbjYxTjhGYzBZdjU1L1lRak9VM3lrZnFDSmpHN3JoRjBFT3oza1pxeDZ0b1VibEdyWjF5ajcKWnJLVnBUZlQ4Q2xpN3RBUWhnSlNRaEN5VGVhL1NIVktxbnErLzc5WEUxcE9IMUFGWks2NEcwekMwaHVSZmk4TgphMDc3R0ZSUEJSaGZ1Q0dTSjZwSTl2VWJFN0dnNVpvdmxJRjNTQmNmbGFSNlF4THJIYUR0ZkM0NDV6aXRhaHY5Cnd3Q04xNFh1RlVKNUY3cU9kam9uNjl0OWJDUVY3Mjd0cGVBdWdveHExV2tKOXpkTkMybzIraDg3dUE1MkRZNysKaG1LaVpkVm1BUGdCam90Syt1dkJOTDdnK201TUhBZDhkbUJlUmhkT3o5eVhsbWFXbWNhSm42cFVoWlE4elFyMQpIemk4UCtwZXR0M2JGeE43d1N5Nk9ZVGxhZzhTK3dqY0hKSDJnS3kzZHNBSVkyQnR2WmUwQlhYZmcyZERkYjNGCng2SVQzL2E5ZDNFM280OUx5RVMrSE1TL0FnTUJBQUdqUWpCQU1BNEdBMVVkRHdFQi93UUVBd0lDQkRBUEJnTlYKSFJNQkFmOEVCVEFEQVFIL01CMEdBMVVkRGdRV0JCUVN0V2N2WFBvdUhCazloUWo4bUlvaklWelorakFOQmdrcQpoa2lHOXcwQkFRc0ZBQU9DQVlFQVFGT3l0c2xmeWttbVgxU2lUQW5jQk5YazBvYVl2WThyd1lKUnQ1cWc0Q0JQCmI0UTJqakdBbHRlK09UV213WU1xQ3c2UkovUDBGNWxkb05RUzA2VHJ6Q25qVmVBczVaeUVTOVNFK0JEMzAvd2cKZ3UyK0k0L2IxTTRUa0FNSTUwcDJkNlVJYUhPMm1jL2pQOGswbm5MUndnWVhhWEI0WDJRQVdLVkpvclcxYXVJNQo2MCt6S2s2TmhRWWE0UC9tTDd5T3dNc3pUazViTWUzdUVhM0NLdUhEVFpVSTVjTGFxNVNnOGZqOWk1M0U1UzRwCnp5WlhoUmU1eWV6aVU4eVZheFgyTzZyeDVHZFFLUXM5czhnR2VVUHZrcHBUckI2T3crSFI3SXcreDFsbHpMUTgKTXJpNDFJSUZTdEdGQis4d2hWL0xyZmVEVTZ5LzU1Z2YzQ0FwYW5mK0k3TXg4UE5MVHl6cElaUVVhdVUyOTcrZgpJQWhHTlJmQUhaVW9iM0ZMVERodkZiRVNvYUtUYTRQK091REVuQ0ZQSlVhQU9WZlVNT3QrbUxRd2JoN0JQczhqCmVTc1lLZk5MWHdHVkhOeEJVL1ZRS08ySTlZWnIrQnFIK09idXRXaHQ3cDRDVnR5VlJzMFJxbjFSVmluOGtJK1UKL1lCd0gyS05iMEZFOEhOTEFtUnEKLS0tLS1FTkQgQ0VSVElGSUNBVEUtLS0tLQo="
              }
            ],
            "master_authorized_networks_config": [
              {
                "cidr_blocks": [
                  {
                    "cidr_block": "10.0.1.0/32",
                    "display_name": "dev-ip_address"
                  }
                ],
                "gcp_public_cidrs_access_enabled": false,
                "private_endpoint_enforcement_enabled": true
              }
            ],
            "master_version": "1.33.2-gke.1111000",
            "mesh_certificates": [],
            "min_master_version": null,
            "monitoring_config": [
              {
                "advanced_datapath_observability_config": [
                  {
                    "enable_metrics": false,
                    "enable_relay": false
                  }
                ],
                "enable_components": [
                  "SYSTEM_COMPONENTS",
                  "STATEFULSET",
                  "JOBSET",
                  "STORAGE",
                  "HPA",
                  "POD",
                  "DAEMONSET",
                  "DEPLOYMENT",
                  "KUBELET",
                  "CADVISOR",
                  "DCGM"
                ],
                "managed_prometheus": [
                  {
                    "auto_monitoring_config": [],
                    "enabled": true
                  }
                ]
              }
            ],
            "monitoring_service": "monitoring.googleapis.com/kubernetes",
            "name": "gke-dev-cluster",
            "network": "projects/iqms-qolsys-71725/global/networks/dev-vpc-network-private",
            "network_performance_config": [],
            "network_policy": [
              {
                "enabled": false,
                "provider": "PROVIDER_UNSPECIFIED"
              }
            ],
            "networking_mode": "VPC_NATIVE",
            "node_config": [],
            "node_locations": [
              "us-central1-a",
              "us-central1-c",
              "us-central1-f"
            ],
            "node_pool": [],
            "node_pool_auto_config": [
              {
                "linux_node_config": [],
                "network_tags": [],
                "node_kubelet_config": [
                  {
                    "insecure_kubelet_readonly_port_enabled": "FALSE"
                  }
                ],
                "resource_manager_tags": {}
              }
            ],
            "node_pool_defaults": [
              {
                "node_config_defaults": [
                  {
                    "containerd_config": [],
                    "gcfs_config": [],
                    "insecure_kubelet_readonly_port_enabled": "FALSE",
                    "logging_variant": "DEFAULT"
                  }
                ]
              }
            ],
            "node_version": "1.33.2-gke.1111000",
            "notification_config": [
              {
                "pubsub": [
                  {
                    "enabled": false,
                    "filter": [],
                    "topic": ""
                  }
                ]
              }
            ],
            "operation": null,
            "pod_autoscaling": [
              {
                "hpa_profile": "HPA_PROFILE_UNSPECIFIED"
              }
            ],
            "private_cluster_config": [
              {
                "enable_private_endpoint": false,
                "enable_private_nodes": true,
                "master_global_access_config": [
                  {
                    "enabled": false
                  }
                ],
                "master_ipv4_cidr_block": "172.16.0.0/28",
                "peering_name": "",
                "private_endpoint": "172.16.0.2",
                "private_endpoint_subnetwork": "projects/iqms-qolsys-71725/regions/us-central1/subnetworks/gke-gke-dev-cluster-ee5479fc-pe-subnet",
                "public_endpoint": "34.60.166.152"
              }
            ],
            "private_ipv6_google_access": "",
            "project": "iqms-qolsys-71725",
            "release_channel": [
              {
                "channel": "REGULAR"
              }
            ],
            "remove_default_node_pool": true,
            "resource_labels": null,
            "resource_usage_export_config": [],
            "secret_manager_config": [
              {
                "enabled": false
              }
            ],
            "security_posture_config": [
              {
                "mode": "BASIC",
                "vulnerability_mode": "VULNERABILITY_MODE_UNSPECIFIED"
              }
            ],
            "self_link": "https://container.googleapis.com/v1/projects/iqms-qolsys-71725/locations/us-central1/clusters/gke-dev-cluster",
            "service_external_ips_config": [
              {
                "enabled": false
              }
            ],
            "services_ipv4_cidr": "10.20.0.0/20",
            "subnetwork": "projects/iqms-qolsys-71725/regions/us-central1/subnetworks/dev-subnetwork-private",
            "terraform_labels": {
              "goog-terraform-provisioned": "true"
            },
            "timeouts": null,
            "tpu_ipv4_cidr_block": "",
            "user_managed_keys_config": [],
            "vertical_pod_autoscaling": [],
            "workload_identity_config": []
          },
          "sensitive_attributes": [
            [
              {
                "type": "get_attr",
                "value": "master_auth"
              },
              {
                "type": "index",
                "value": {
                  "value": 0,
                  "type": "number"
                }
              },
              {
                "type": "get_attr",
                "value": "client_key"
              }
            ]
          ],
          "private": "eyJlMmJmYjczMC1lY2FhLTExZTYtOGY4OC0zNDM2M2JjN2M0YzAiOnsiY3JlYXRlIjoyNDAwMDAwMDAwMDAwLCJkZWxldGUiOjI0MDAwMDAwMDAwMDAsInJlYWQiOjI0MDAwMDAwMDAwMDAsInVwZGF0ZSI6MzYwMDAwMDAwMDAwMH0sInNjaGVtYV92ZXJzaW9uIjoiMiJ9",
          "dependencies": [
            "module.network.google_compute_network.private_vpc",
            "module.network.google_compute_subnetwork.private_subnet"
          ]
        }
      ]
    },
    {
      "module": "module.gke-cluster",
      "mode": "managed",
      "type": "google_container_node_pool",
      "name": "primary_nodes",
      "provider": "provider[\"registry.terraform.io/hashicorp/google\"]",
      "instances": [
        {
          "schema_version": 1,
          "attributes": {
            "autoscaling": [],
            "cluster": "gke-dev-cluster",
            "id": "projects/iqms-qolsys-71725/locations/us-central1/clusters/gke-dev-cluster/nodePools/primary-node-pool",
            "initial_node_count": 1,
            "instance_group_urls": [
              "https://www.googleapis.com/compute/v1/projects/iqms-qolsys-71725/zones/us-central1-a/instanceGroupManagers/gke-gke-dev-cluster-primary-node-pool-e866679f-grp",
              "https://www.googleapis.com/compute/v1/projects/iqms-qolsys-71725/zones/us-central1-c/instanceGroupManagers/gke-gke-dev-cluster-primary-node-pool-53a5c665-grp",
              "https://www.googleapis.com/compute/v1/projects/iqms-qolsys-71725/zones/us-central1-f/instanceGroupManagers/gke-gke-dev-cluster-primary-node-pool-bc9915d2-grp"
            ],
            "location": "us-central1",
            "managed_instance_group_urls": [
              "https://www.googleapis.com/compute/v1/projects/iqms-qolsys-71725/zones/us-central1-a/instanceGroups/gke-gke-dev-cluster-primary-node-pool-e866679f-grp",
              "https://www.googleapis.com/compute/v1/projects/iqms-qolsys-71725/zones/us-central1-c/instanceGroups/gke-gke-dev-cluster-primary-node-pool-53a5c665-grp",
              "https://www.googleapis.com/compute/v1/projects/iqms-qolsys-71725/zones/us-central1-f/instanceGroups/gke-gke-dev-cluster-primary-node-pool-bc9915d2-grp"
            ],
            "management": [
              {
                "auto_repair": true,
                "auto_upgrade": true
              }
            ],
            "max_pods_per_node": 110,
            "name": "primary-node-pool",
            "name_prefix": "",
            "network_config": [
              {
                "additional_node_network_configs": [],
                "additional_pod_network_configs": [],
                "create_pod_range": false,
                "enable_private_nodes": true,
                "network_performance_config": [],
                "pod_cidr_overprovision_config": [],
                "pod_ipv4_cidr_block": "10.10.0.0/20",
                "pod_range": "pods-subnet"
              }
            ],
            "node_config": [
              {
                "advanced_machine_features": [],
                "boot_disk_kms_key": "",
                "confidential_nodes": [],
                "containerd_config": [],
                "disk_size_gb": 50,
                "disk_type": "pd-balanced",
                "effective_taints": [],
                "enable_confidential_storage": false,
                "ephemeral_storage_local_ssd_config": [],
                "fast_socket": [],
                "flex_start": false,
                "gcfs_config": [],
                "guest_accelerator": [],
                "gvnic": [],
                "host_maintenance_policy": [],
                "image_type": "COS_CONTAINERD",
                "kubelet_config": [
                  {
                    "allowed_unsafe_sysctls": [],
                    "container_log_max_files": 0,
                    "container_log_max_size": "",
                    "cpu_cfs_quota": false,
                    "cpu_cfs_quota_period": "",
                    "cpu_manager_policy": "",
                    "image_gc_high_threshold_percent": 0,
                    "image_gc_low_threshold_percent": 0,
                    "image_maximum_gc_age": "",
                    "image_minimum_gc_age": "",
                    "insecure_kubelet_readonly_port_enabled": "FALSE",
                    "pod_pids_limit": 0
                  }
                ],
                "labels": {},
                "linux_node_config": [],
                "local_nvme_ssd_block_config": [],
                "local_ssd_count": 0,
                "local_ssd_encryption_mode": "",
                "logging_variant": "DEFAULT",
                "machine_type": "custom-2-4096",
                "max_run_duration": "",
                "metadata": {
                  "disable-legacy-endpoints": "true"
                },
                "min_cpu_platform": "",
                "node_group": "",
                "oauth_scopes": [
                  "https://www.googleapis.com/auth/cloud-platform"
                ],
                "preemptible": false,
                "reservation_affinity": [],
                "resource_labels": {
                  "goog-gke-node-pool-provisioning-model": "on-demand"
                },
                "resource_manager_tags": null,
                "secondary_boot_disks": [],
                "service_account": "gke-dev-cluster@iqms-qolsys-71725.iam.gserviceaccount.com",
                "shielded_instance_config": [
                  {
                    "enable_integrity_monitoring": true,
                    "enable_secure_boot": false
                  }
                ],
                "sole_tenant_config": [],
                "spot": false,
                "storage_pools": null,
                "tags": [
                  "gke-dev-node"
                ],
                "taint": [],
                "windows_node_config": [
                  {
                    "osversion": ""
                  }
                ],
                "workload_metadata_config": []
              }
            ],
            "node_count": 1,
            "node_locations": [
              "us-central1-a",
              "us-central1-c",
              "us-central1-f"
            ],
            "operation": null,
            "placement_policy": [],
            "project": "iqms-qolsys-71725",
            "queued_provisioning": [],
            "timeouts": null,
            "upgrade_settings": [
              {
                "blue_green_settings": [],
                "max_surge": 1,
                "max_unavailable": 0,
                "strategy": "SURGE"
              }
            ],
            "version": "1.33.2-gke.1111000"
          },
          "sensitive_attributes": [],
          "private": "eyJlMmJmYjczMC1lY2FhLTExZTYtOGY4OC0zNDM2M2JjN2M0YzAiOnsiY3JlYXRlIjoxODAwMDAwMDAwMDAwLCJkZWxldGUiOjE4MDAwMDAwMDAwMDAsInVwZGF0ZSI6MTgwMDAwMDAwMDAwMH0sInNjaGVtYV92ZXJzaW9uIjoiMSJ9",
          "dependencies": [
            "module.gke-cluster.google_container_cluster.primary",
            "module.network.google_compute_network.private_vpc",
            "module.network.google_compute_subnetwork.private_subnet"
          ]
        }
      ]
    },
    {
      "module": "module.gke-cluster",
      "mode": "managed",
      "type": "google_container_node_pool",
      "name": "secondary_nodes",
      "provider": "provider[\"registry.terraform.io/hashicorp/google\"]",
      "instances": [
        {
          "schema_version": 1,
          "attributes": {
            "autoscaling": [],
            "cluster": "gke-dev-cluster",
            "id": "projects/iqms-qolsys-71725/locations/us-central1/clusters/gke-dev-cluster/nodePools/secondary-node-pool",
            "initial_node_count": 1,
            "instance_group_urls": [
              "https://www.googleapis.com/compute/v1/projects/iqms-qolsys-71725/zones/us-central1-a/instanceGroupManagers/gke-gke-dev-cluster-secondary-node-po-6e037817-grp",
              "https://www.googleapis.com/compute/v1/projects/iqms-qolsys-71725/zones/us-central1-c/instanceGroupManagers/gke-gke-dev-cluster-secondary-node-po-19069136-grp",
              "https://www.googleapis.com/compute/v1/projects/iqms-qolsys-71725/zones/us-central1-f/instanceGroupManagers/gke-gke-dev-cluster-secondary-node-po-f5e3b4cb-grp"
            ],
            "location": "us-central1",
            "managed_instance_group_urls": [
              "https://www.googleapis.com/compute/v1/projects/iqms-qolsys-71725/zones/us-central1-a/instanceGroups/gke-gke-dev-cluster-secondary-node-po-6e037817-grp",
              "https://www.googleapis.com/compute/v1/projects/iqms-qolsys-71725/zones/us-central1-c/instanceGroups/gke-gke-dev-cluster-secondary-node-po-19069136-grp",
              "https://www.googleapis.com/compute/v1/projects/iqms-qolsys-71725/zones/us-central1-f/instanceGroups/gke-gke-dev-cluster-secondary-node-po-f5e3b4cb-grp"
            ],
            "management": [
              {
                "auto_repair": true,
                "auto_upgrade": true
              }
            ],
            "max_pods_per_node": 110,
            "name": "secondary-node-pool",
            "name_prefix": "",
            "network_config": [
              {
                "additional_node_network_configs": [],
                "additional_pod_network_configs": [],
                "create_pod_range": false,
                "enable_private_nodes": true,
                "network_performance_config": [],
                "pod_cidr_overprovision_config": [],
                "pod_ipv4_cidr_block": "10.10.0.0/20",
                "pod_range": "pods-subnet"
              }
            ],
            "node_config": [
              {
                "advanced_machine_features": [],
                "boot_disk_kms_key": "",
                "confidential_nodes": [],
                "containerd_config": [],
                "disk_size_gb": 50,
                "disk_type": "pd-balanced",
                "effective_taints": [],
                "enable_confidential_storage": false,
                "ephemeral_storage_local_ssd_config": [],
                "fast_socket": [],
                "flex_start": false,
                "gcfs_config": [],
                "guest_accelerator": [],
                "gvnic": [],
                "host_maintenance_policy": [],
                "image_type": "COS_CONTAINERD",
                "kubelet_config": [
                  {
                    "allowed_unsafe_sysctls": [],
                    "container_log_max_files": 0,
                    "container_log_max_size": "",
                    "cpu_cfs_quota": false,
                    "cpu_cfs_quota_period": "",
                    "cpu_manager_policy": "",
                    "image_gc_high_threshold_percent": 0,
                    "image_gc_low_threshold_percent": 0,
                    "image_maximum_gc_age": "",
                    "image_minimum_gc_age": "",
                    "insecure_kubelet_readonly_port_enabled": "FALSE",
                    "pod_pids_limit": 0
                  }
                ],
                "labels": {},
                "linux_node_config": [],
                "local_nvme_ssd_block_config": [],
                "local_ssd_count": 0,
                "local_ssd_encryption_mode": "",
                "logging_variant": "DEFAULT",
                "machine_type": "custom-2-4096",
                "max_run_duration": "",
                "metadata": {
                  "disable-legacy-endpoints": "true"
                },
                "min_cpu_platform": "",
                "node_group": "",
                "oauth_scopes": [
                  "https://www.googleapis.com/auth/cloud-platform"
                ],
                "preemptible": false,
                "reservation_affinity": [],
                "resource_labels": {
                  "goog-gke-node-pool-provisioning-model": "on-demand"
                },
                "resource_manager_tags": null,
                "secondary_boot_disks": [],
                "service_account": "gke-dev-cluster@iqms-qolsys-71725.iam.gserviceaccount.com",
                "shielded_instance_config": [
                  {
                    "enable_integrity_monitoring": true,
                    "enable_secure_boot": false
                  }
                ],
                "sole_tenant_config": [],
                "spot": false,
                "storage_pools": null,
                "tags": [
                  "gke-dev-node"
                ],
                "taint": [],
                "windows_node_config": [
                  {
                    "osversion": ""
                  }
                ],
                "workload_metadata_config": []
              }
            ],
            "node_count": 1,
            "node_locations": [
              "us-central1-a",
              "us-central1-c",
              "us-central1-f"
            ],
            "operation": null,
            "placement_policy": [],
            "project": "iqms-qolsys-71725",
            "queued_provisioning": [],
            "timeouts": null,
            "upgrade_settings": [
              {
                "blue_green_settings": [],
                "max_surge": 1,
                "max_unavailable": 0,
                "strategy": "SURGE"
              }
            ],
            "version": "1.33.2-gke.1111000"
          },
          "sensitive_attributes": [],
          "private": "eyJlMmJmYjczMC1lY2FhLTExZTYtOGY4OC0zNDM2M2JjN2M0YzAiOnsiY3JlYXRlIjoxODAwMDAwMDAwMDAwLCJkZWxldGUiOjE4MDAwMDAwMDAwMDAsInVwZGF0ZSI6MTgwMDAwMDAwMDAwMH0sInNjaGVtYV92ZXJzaW9uIjoiMSJ9",
          "dependencies": [
            "module.gke-cluster.google_container_cluster.primary",
            "module.network.google_compute_network.private_vpc",
            "module.network.google_compute_subnetwork.private_subnet"
          ]
        }
      ]
    },
    {
      "module": "module.jump_host",
      "mode": "managed",
      "type": "google_compute_firewall",
      "name": "allow_ssh",
      "provider": "provider[\"registry.terraform.io/hashicorp/google\"]",
      "instances": [
        {
          "schema_version": 1,
          "attributes": {
            "allow": [
              {
                "ports": [
                  "22",
                  "443"
                ],
                "protocol": "tcp"
              }
            ],
            "creation_timestamp": "2025-07-30T02:32:37.683-07:00",
            "deny": [],
            "description": "",
            "destination_ranges": [],
            "direction": "INGRESS",
            "disabled": false,
            "enable_logging": null,
            "id": "projects/iqms-qolsys-71725/global/firewalls/gke-dev-cluster-allow-ssh",
            "log_config": [],
            "name": "gke-dev-cluster-allow-ssh",
            "network": "https://www.googleapis.com/compute/v1/projects/iqms-qolsys-71725/global/networks/dev-vpc-network-public",
            "params": [],
            "priority": 1000,
            "project": "iqms-qolsys-71725",
            "self_link": "https://www.googleapis.com/compute/v1/projects/iqms-qolsys-71725/global/firewalls/gke-dev-cluster-allow-ssh",
            "source_ranges": [
              "0.0.0.0/0"
            ],
            "source_service_accounts": [],
            "source_tags": [],
            "target_service_accounts": [],
            "target_tags": [
              "jump-host"
            ],
            "timeouts": null
          },
          "sensitive_attributes": [],
          "private": "eyJlMmJmYjczMC1lY2FhLTExZTYtOGY4OC0zNDM2M2JjN2M0YzAiOnsiY3JlYXRlIjoxMjAwMDAwMDAwMDAwLCJkZWxldGUiOjEyMDAwMDAwMDAwMDAsInVwZGF0ZSI6MTIwMDAwMDAwMDAwMH0sInNjaGVtYV92ZXJzaW9uIjoiMSJ9",
          "dependencies": [
            "module.network.google_compute_network.public_vpc"
          ]
        }
      ]
    },
    {
      "module": "module.jump_host",
      "mode": "managed",
      "type": "google_compute_instance",
      "name": "jump_host",
      "provider": "provider[\"registry.terraform.io/hashicorp/google\"]",
      "instances": [
        {
          "schema_version": 6,
          "attributes": {
            "advanced_machine_features": [],
            "allow_stopping_for_update": null,
            "attached_disk": [],
            "boot_disk": [
              {
                "auto_delete": true,
                "device_name": "persistent-disk-0",
                "disk_encryption_key_raw": "",
                "disk_encryption_key_rsa": "",
                "disk_encryption_key_sha256": "",
                "disk_encryption_service_account": "",
                "force_attach": false,
                "guest_os_features": [
                  "UEFI_COMPATIBLE",
                  "VIRTIO_SCSI_MULTIQUEUE",
                  "GVNIC"
                ],
                "initialize_params": [
                  {
                    "architecture": "X86_64",
                    "enable_confidential_compute": false,
                    "image": "https://www.googleapis.com/compute/v1/projects/debian-cloud/global/images/debian-11-bullseye-v20250728",
                    "labels": {},
                    "provisioned_iops": 0,
                    "provisioned_throughput": 0,
                    "resource_manager_tags": {},
                    "resource_policies": [],
                    "size": 10,
                    "snapshot": "",
                    "source_image_encryption_key": [],
                    "source_snapshot_encryption_key": [],
                    "storage_pool": "",
                    "type": "pd-standard"
                  }
                ],
                "interface": "",
                "kms_key_self_link": "",
                "mode": "READ_WRITE",
                "source": "https://www.googleapis.com/compute/v1/projects/iqms-qolsys-71725/zones/us-central1-a/disks/gke-jump-host"
              }
            ],
            "can_ip_forward": false,
            "confidential_instance_config": [],
            "cpu_platform": "Intel Broadwell",
            "creation_timestamp": "2025-07-30T02:32:57.261-07:00",
            "current_status": "RUNNING",
            "deletion_protection": false,
            "description": "",
            "desired_status": null,
            "effective_labels": {
              "goog-terraform-provisioned": "true"
            },
            "enable_display": false,
            "guest_accelerator": [],
            "hostname": "",
            "id": "projects/iqms-qolsys-71725/zones/us-central1-a/instances/gke-jump-host",
            "instance_encryption_key": [],
            "instance_id": "4191646384667252775",
            "key_revocation_action_type": "",
            "label_fingerprint": "vezUS-42LLM=",
            "labels": {},
            "machine_type": "e2-medium",
            "metadata": {},
            "metadata_fingerprint": "aA_ut0oDC9o=",
            "metadata_startup_script": "#!/bin/bash\nsudo apt-get update\nsudo apt-get install -y google-cloud-sdk kubectl\n# Configure gcloud and kubectl to connect to the GKE cluster\ngcloud container clusters get-credentials gke-dev-cluster --region us-central1 --project iqms-qolsys-71725\n",
            "min_cpu_platform": "",
            "name": "gke-jump-host",
            "network_interface": [
              {
                "access_config": [
                  {
                    "nat_ip": "35.184.70.23",
                    "network_tier": "PREMIUM",
                    "public_ptr_domain_name": ""
                  }
                ],
                "alias_ip_range": [],
                "internal_ipv6_prefix_length": 0,
                "ipv6_access_config": [],
                "ipv6_access_type": "",
                "ipv6_address": "",
                "name": "nic0",
                "network": "https://www.googleapis.com/compute/v1/projects/iqms-qolsys-71725/global/networks/dev-vpc-network-public",
                "network_attachment": "",
                "network_ip": "10.0.0.2",
                "nic_type": "",
                "queue_count": 0,
                "stack_type": "IPV4_ONLY",
                "subnetwork": "https://www.googleapis.com/compute/v1/projects/iqms-qolsys-71725/regions/us-central1/subnetworks/dev-subnetwork-public",
                "subnetwork_project": "iqms-qolsys-71725"
              }
            ],
            "network_performance_config": [],
            "params": [],
            "project": "iqms-qolsys-71725",
            "reservation_affinity": [],
            "resource_policies": [],
            "scheduling": [
              {
                "automatic_restart": true,
                "availability_domain": 0,
                "instance_termination_action": "",
                "local_ssd_recovery_timeout": [],
                "max_run_duration": [],
                "min_node_cpus": 0,
                "node_affinities": [],
                "on_host_maintenance": "MIGRATE",
                "on_instance_stop_action": [],
                "preemptible": false,
                "provisioning_model": "STANDARD",
                "termination_time": ""
              }
            ],
            "scratch_disk": [],
            "self_link": "https://www.googleapis.com/compute/v1/projects/iqms-qolsys-71725/zones/us-central1-a/instances/gke-jump-host",
            "service_account": [],
            "shielded_instance_config": [
              {
                "enable_integrity_monitoring": true,
                "enable_secure_boot": false,
                "enable_vtpm": true
              }
            ],
            "tags": [
              "jump-host"
            ],
            "tags_fingerprint": "k00CYvyjDTs=",
            "terraform_labels": {
              "goog-terraform-provisioned": "true"
            },
            "timeouts": null,
            "zone": "us-central1-a"
          },
          "sensitive_attributes": [
            [
              {
                "type": "get_attr",
                "value": "boot_disk"
              },
              {
                "type": "index",
                "value": {
                  "value": 0,
                  "type": "number"
                }
              },
              {
                "type": "get_attr",
                "value": "disk_encryption_key_rsa"
              }
            ],
            [
              {
                "type": "get_attr",
                "value": "boot_disk"
              },
              {
                "type": "index",
                "value": {
                  "value": 0,
                  "type": "number"
                }
              },
              {
                "type": "get_attr",
                "value": "disk_encryption_key_raw"
              }
            ]
          ],
          "private": "eyJlMmJmYjczMC1lY2FhLTExZTYtOGY4OC0zNDM2M2JjN2M0YzAiOnsiY3JlYXRlIjoxMjAwMDAwMDAwMDAwLCJkZWxldGUiOjEyMDAwMDAwMDAwMDAsInVwZGF0ZSI6MTIwMDAwMDAwMDAwMH0sInNjaGVtYV92ZXJzaW9uIjoiNiJ9",
          "dependencies": [
            "module.jump_host.google_compute_firewall.allow_ssh",
            "module.network.google_compute_network.public_vpc",
            "module.network.google_compute_subnetwork.public_subnet"
          ]
        }
      ]
    },
    {
      "module": "module.network",
      "mode": "managed",
      "type": "google_compute_address",
      "name": "regional_ip",
      "provider": "provider[\"registry.terraform.io/hashicorp/google\"]",
      "instances": [
        {
          "index_key": 0,
          "schema_version": 0,
          "attributes": {
            "address": "35.188.50.157",
            "address_type": "EXTERNAL",
            "creation_timestamp": "2025-07-30T02:32:25.702-07:00",
            "description": "",
            "effective_labels": {
              "goog-terraform-provisioned": "true"
            },
            "id": "projects/iqms-qolsys-71725/regions/us-central1/addresses/dev-global-ip",
            "ip_version": "",
            "ipv6_endpoint_type": "",
            "label_fingerprint": "vezUS-42LLM=",
            "labels": {},
            "name": "dev-global-ip",
            "network": "",
            "network_tier": "PREMIUM",
            "prefix_length": 0,
            "project": "iqms-qolsys-71725",
            "purpose": "",
            "region": "us-central1",
            "self_link": "https://www.googleapis.com/compute/v1/projects/iqms-qolsys-71725/regions/us-central1/addresses/dev-global-ip",
            "subnetwork": "",
            "terraform_labels": {
              "goog-terraform-provisioned": "true"
            },
            "timeouts": null,
            "users": [
              "https://www.googleapis.com/compute/v1/projects/iqms-qolsys-71725/regions/us-central1/routers/dev-nat-router"
            ]
          },
          "sensitive_attributes": [],
          "private": "eyJlMmJmYjczMC1lY2FhLTExZTYtOGY4OC0zNDM2M2JjN2M0YzAiOnsiY3JlYXRlIjoxMjAwMDAwMDAwMDAwLCJkZWxldGUiOjEyMDAwMDAwMDAwMDAsInVwZGF0ZSI6MTIwMDAwMDAwMDAwMH19"
        }
      ]
    },
    {
      "module": "module.network",
      "mode": "managed",
      "type": "google_compute_network",
      "name": "private_vpc",
      "provider": "provider[\"registry.terraform.io/hashicorp/google\"]",
      "instances": [
        {
          "schema_version": 0,
          "attributes": {
            "auto_create_subnetworks": false,
            "bgp_always_compare_med": false,
            "bgp_best_path_selection_mode": "LEGACY",
            "bgp_inter_region_cost": "",
            "delete_default_routes_on_create": false,
            "description": "",
            "enable_ula_internal_ipv6": false,
            "gateway_ipv4": "",
            "id": "projects/iqms-qolsys-71725/global/networks/dev-vpc-network-private",
            "internal_ipv6_range": "",
            "mtu": 0,
            "name": "dev-vpc-network-private",
            "network_firewall_policy_enforcement_order": "AFTER_CLASSIC_FIREWALL",
            "network_id": "7791558852572633159",
            "network_profile": "",
            "numeric_id": "7791558852572633159",
            "params": [],
            "project": "iqms-qolsys-71725",
            "routing_mode": "REGIONAL",
            "self_link": "https://www.googleapis.com/compute/v1/projects/iqms-qolsys-71725/global/networks/dev-vpc-network-private",
            "timeouts": null
          },
          "sensitive_attributes": [],
          "private": "eyJlMmJmYjczMC1lY2FhLTExZTYtOGY4OC0zNDM2M2JjN2M0YzAiOnsiY3JlYXRlIjoxMjAwMDAwMDAwMDAwLCJkZWxldGUiOjEyMDAwMDAwMDAwMDAsInVwZGF0ZSI6MTIwMDAwMDAwMDAwMH19"
        }
      ]
    },
    {
      "module": "module.network",
      "mode": "managed",
      "type": "google_compute_network",
      "name": "public_vpc",
      "provider": "provider[\"registry.terraform.io/hashicorp/google\"]",
      "instances": [
        {
          "schema_version": 0,
          "attributes": {
            "auto_create_subnetworks": false,
            "bgp_always_compare_med": false,
            "bgp_best_path_selection_mode": "LEGACY",
            "bgp_inter_region_cost": "",
            "delete_default_routes_on_create": false,
            "description": "",
            "enable_ula_internal_ipv6": false,
            "gateway_ipv4": "",
            "id": "projects/iqms-qolsys-71725/global/networks/dev-vpc-network-public",
            "internal_ipv6_range": "",
            "mtu": 0,
            "name": "dev-vpc-network-public",
            "network_firewall_policy_enforcement_order": "AFTER_CLASSIC_FIREWALL",
            "network_id": "7108016722969647175",
            "network_profile": "",
            "numeric_id": "7108016722969647175",
            "params": [],
            "project": "iqms-qolsys-71725",
            "routing_mode": "REGIONAL",
            "self_link": "https://www.googleapis.com/compute/v1/projects/iqms-qolsys-71725/global/networks/dev-vpc-network-public",
            "timeouts": null
          },
          "sensitive_attributes": [],
          "private": "eyJlMmJmYjczMC1lY2FhLTExZTYtOGY4OC0zNDM2M2JjN2M0YzAiOnsiY3JlYXRlIjoxMjAwMDAwMDAwMDAwLCJkZWxldGUiOjEyMDAwMDAwMDAwMDAsInVwZGF0ZSI6MTIwMDAwMDAwMDAwMH19"
        }
      ]
    },
    {
      "module": "module.network",
      "mode": "managed",
      "type": "google_compute_router",
      "name": "private_router",
      "provider": "provider[\"registry.terraform.io/hashicorp/google\"]",
      "instances": [
        {
          "schema_version": 0,
          "attributes": {
            "bgp": [],
            "creation_timestamp": "2025-07-30T02:32:38.488-07:00",
            "description": "",
            "encrypted_interconnect_router": false,
            "id": "projects/iqms-qolsys-71725/regions/us-central1/routers/dev-nat-router",
            "md5_authentication_keys": [],
            "name": "dev-nat-router",
            "network": "https://www.googleapis.com/compute/v1/projects/iqms-qolsys-71725/global/networks/dev-vpc-network-private",
            "project": "iqms-qolsys-71725",
            "region": "us-central1",
            "self_link": "https://www.googleapis.com/compute/v1/projects/iqms-qolsys-71725/regions/us-central1/routers/dev-nat-router",
            "timeouts": null
          },
          "sensitive_attributes": [],
          "private": "eyJlMmJmYjczMC1lY2FhLTExZTYtOGY4OC0zNDM2M2JjN2M0YzAiOnsiY3JlYXRlIjoxMjAwMDAwMDAwMDAwLCJkZWxldGUiOjEyMDAwMDAwMDAwMDAsInVwZGF0ZSI6MTIwMDAwMDAwMDAwMH19",
          "dependencies": [
            "module.network.google_compute_network.private_vpc"
          ]
        }
      ]
    },
    {
      "module": "module.network",
      "mode": "managed",
      "type": "google_compute_router_nat",
      "name": "nat",
      "provider": "provider[\"registry.terraform.io/hashicorp/google\"]",
      "instances": [
        {
          "schema_version": 0,
          "attributes": {
            "auto_network_tier": null,
            "drain_nat_ips": [],
            "enable_dynamic_port_allocation": false,
            "enable_endpoint_independent_mapping": false,
            "endpoint_types": [
              "ENDPOINT_TYPE_VM"
            ],
            "icmp_idle_timeout_sec": 30,
            "id": "iqms-qolsys-71725/us-central1/dev-nat-router/dev-nat",
            "initial_nat_ips": null,
            "log_config": [],
            "max_ports_per_vm": 0,
            "min_ports_per_vm": 0,
            "name": "dev-nat",
            "nat64_subnetwork": [],
            "nat_ip_allocate_option": "MANUAL_ONLY",
            "nat_ips": [
              "https://www.googleapis.com/compute/v1/projects/iqms-qolsys-71725/regions/us-central1/addresses/dev-global-ip"
            ],
            "project": "iqms-qolsys-71725",
            "region": "us-central1",
            "router": "dev-nat-router",
            "rules": [],
            "source_subnetwork_ip_ranges_to_nat": "ALL_SUBNETWORKS_ALL_IP_RANGES",
            "source_subnetwork_ip_ranges_to_nat64": "",
            "subnetwork": [],
            "tcp_established_idle_timeout_sec": 1200,
            "tcp_time_wait_timeout_sec": 120,
            "tcp_transitory_idle_timeout_sec": 30,
            "timeouts": null,
            "type": "PUBLIC",
            "udp_idle_timeout_sec": 30
          },
          "sensitive_attributes": [],
          "private": "eyJlMmJmYjczMC1lY2FhLTExZTYtOGY4OC0zNDM2M2JjN2M0YzAiOnsiY3JlYXRlIjoxMjAwMDAwMDAwMDAwLCJkZWxldGUiOjEyMDAwMDAwMDAwMDAsInVwZGF0ZSI6MTIwMDAwMDAwMDAwMH19",
          "dependencies": [
            "module.network.google_compute_address.regional_ip",
            "module.network.google_compute_network.private_vpc",
            "module.network.google_compute_router.private_router"
          ]
        }
      ]
    },
    {
      "module": "module.network",
      "mode": "managed",
      "type": "google_compute_subnetwork",
      "name": "private_subnet",
      "provider": "provider[\"registry.terraform.io/hashicorp/google\"]",
      "instances": [
        {
          "schema_version": 0,
          "attributes": {
            "creation_timestamp": "2025-07-30T02:46:09.995-07:00",
            "description": "",
            "enable_flow_logs": false,
            "external_ipv6_prefix": "",
            "fingerprint": null,
            "gateway_address": "10.0.0.1",
            "id": "projects/iqms-qolsys-71725/regions/us-central1/subnetworks/dev-subnetwork-private",
            "internal_ipv6_prefix": "",
            "ip_cidr_range": "10.0.0.0/16",
            "ip_collection": null,
            "ipv6_access_type": "",
            "ipv6_cidr_range": "",
            "ipv6_gce_endpoint": "",
            "log_config": [],
            "name": "dev-subnetwork-private",
            "network": "https://www.googleapis.com/compute/v1/projects/iqms-qolsys-71725/global/networks/dev-vpc-network-private",
            "params": [],
            "private_ip_google_access": true,
            "private_ipv6_google_access": "DISABLE_GOOGLE_ACCESS",
            "project": "iqms-qolsys-71725",
            "purpose": "PRIVATE",
            "region": "us-central1",
            "reserved_internal_range": "",
            "role": "",
            "secondary_ip_range": [
              {
                "ip_cidr_range": "10.10.0.0/20",
                "range_name": "pods-subnet",
                "reserved_internal_range": ""
              },
              {
                "ip_cidr_range": "10.20.0.0/20",
                "range_name": "services-subnet",
                "reserved_internal_range": ""
              }
            ],
            "self_link": "https://www.googleapis.com/compute/v1/projects/iqms-qolsys-71725/regions/us-central1/subnetworks/dev-subnetwork-private",
            "send_secondary_ip_range_if_empty": null,
            "stack_type": "IPV4_ONLY",
            "state": "",
            "subnetwork_id": 5027203637557090062,
            "timeouts": null
          },
          "sensitive_attributes": [],
          "private": "eyJlMmJmYjczMC1lY2FhLTExZTYtOGY4OC0zNDM2M2JjN2M0YzAiOnsiY3JlYXRlIjoxMjAwMDAwMDAwMDAwLCJkZWxldGUiOjEyMDAwMDAwMDAwMDAsInVwZGF0ZSI6MTIwMDAwMDAwMDAwMH19",
          "dependencies": [
            "module.network.google_compute_network.private_vpc"
          ]
        }
      ]
    },
    {
      "module": "module.network",
      "mode": "managed",
      "type": "google_compute_subnetwork",
      "name": "public_subnet",
      "provider": "provider[\"registry.terraform.io/hashicorp/google\"]",
      "instances": [
        {
          "schema_version": 0,
          "attributes": {
            "creation_timestamp": "2025-07-30T02:32:38.793-07:00",
            "description": "",
            "enable_flow_logs": false,
            "external_ipv6_prefix": "",
            "fingerprint": null,
            "gateway_address": "10.0.0.1",
            "id": "projects/iqms-qolsys-71725/regions/us-central1/subnetworks/dev-subnetwork-public",
            "internal_ipv6_prefix": "",
            "ip_cidr_range": "10.0.0.0/26",
            "ip_collection": null,
            "ipv6_access_type": "",
            "ipv6_cidr_range": "",
            "ipv6_gce_endpoint": "",
            "log_config": [],
            "name": "dev-subnetwork-public",
            "network": "https://www.googleapis.com/compute/v1/projects/iqms-qolsys-71725/global/networks/dev-vpc-network-public",
            "params": [],
            "private_ip_google_access": false,
            "private_ipv6_google_access": "DISABLE_GOOGLE_ACCESS",
            "project": "iqms-qolsys-71725",
            "purpose": "PRIVATE",
            "region": "us-central1",
            "reserved_internal_range": "",
            "role": "",
            "secondary_ip_range": [],
            "self_link": "https://www.googleapis.com/compute/v1/projects/iqms-qolsys-71725/regions/us-central1/subnetworks/dev-subnetwork-public",
            "send_secondary_ip_range_if_empty": null,
            "stack_type": "IPV4_ONLY",
            "state": "",
            "subnetwork_id": 4880721295435913305,
            "timeouts": null
          },
          "sensitive_attributes": [],
          "private": "eyJlMmJmYjczMC1lY2FhLTExZTYtOGY4OC0zNDM2M2JjN2M0YzAiOnsiY3JlYXRlIjoxMjAwMDAwMDAwMDAwLCJkZWxldGUiOjEyMDAwMDAwMDAwMDAsInVwZGF0ZSI6MTIwMDAwMDAwMDAwMH19",
          "dependencies": [
            "module.network.google_compute_network.public_vpc"
          ]
        }
      ]
    },
    {
      "module": "module.serviceAccount",
      "mode": "managed",
      "type": "google_project_iam_member",
      "name": "bindings",
      "provider": "provider[\"registry.terraform.io/hashicorp/google\"]",
      "instances": [
        {
          "index_key": "roles/compute.instanceAdmin.v1",
          "schema_version": 0,
          "attributes": {
            "condition": [],
            "etag": "BwY7IjYam8U=",
            "id": "iqms-qolsys-71725/roles/compute.instanceAdmin.v1/serviceAccount:gke-dev-cluster@iqms-qolsys-71725.iam.gserviceaccount.com",
            "member": "serviceAccount:gke-dev-cluster@iqms-qolsys-71725.iam.gserviceaccount.com",
            "project": "iqms-qolsys-71725",
            "role": "roles/compute.instanceAdmin.v1"
          },
          "sensitive_attributes": [],
          "private": "bnVsbA==",
          "dependencies": [
            "module.serviceAccount.google_service_account.gke_sa"
          ]
        },
        {
          "index_key": "roles/compute.networkAdmin",
          "schema_version": 0,
          "attributes": {
            "condition": [],
            "etag": "BwY7IjYam8U=",
            "id": "iqms-qolsys-71725/roles/compute.networkAdmin/serviceAccount:gke-dev-cluster@iqms-qolsys-71725.iam.gserviceaccount.com",
            "member": "serviceAccount:gke-dev-cluster@iqms-qolsys-71725.iam.gserviceaccount.com",
            "project": "iqms-qolsys-71725",
            "role": "roles/compute.networkAdmin"
          },
          "sensitive_attributes": [],
          "private": "bnVsbA==",
          "dependencies": [
            "module.serviceAccount.google_service_account.gke_sa"
          ]
        },
        {
          "index_key": "roles/compute.viewer",
          "schema_version": 0,
          "attributes": {
            "condition": [],
            "etag": "BwY7IjYam8U=",
            "id": "iqms-qolsys-71725/roles/compute.viewer/serviceAccount:gke-dev-cluster@iqms-qolsys-71725.iam.gserviceaccount.com",
            "member": "serviceAccount:gke-dev-cluster@iqms-qolsys-71725.iam.gserviceaccount.com",
            "project": "iqms-qolsys-71725",
            "role": "roles/compute.viewer"
          },
          "sensitive_attributes": [],
          "private": "bnVsbA==",
          "dependencies": [
            "module.serviceAccount.google_service_account.gke_sa"
          ]
        },
        {
          "index_key": "roles/container.admin",
          "schema_version": 0,
          "attributes": {
            "condition": [],
            "etag": "BwY7IjYam8U=",
            "id": "iqms-qolsys-71725/roles/container.admin/serviceAccount:gke-dev-cluster@iqms-qolsys-71725.iam.gserviceaccount.com",
            "member": "serviceAccount:gke-dev-cluster@iqms-qolsys-71725.iam.gserviceaccount.com",
            "project": "iqms-qolsys-71725",
            "role": "roles/container.admin"
          },
          "sensitive_attributes": [],
          "private": "bnVsbA==",
          "dependencies": [
            "module.serviceAccount.google_service_account.gke_sa"
          ]
        },
        {
          "index_key": "roles/container.nodeServiceAccount",
          "schema_version": 0,
          "attributes": {
            "condition": [],
            "etag": "BwY7IjYam8U=",
            "id": "iqms-qolsys-71725/roles/container.nodeServiceAccount/serviceAccount:gke-dev-cluster@iqms-qolsys-71725.iam.gserviceaccount.com",
            "member": "serviceAccount:gke-dev-cluster@iqms-qolsys-71725.iam.gserviceaccount.com",
            "project": "iqms-qolsys-71725",
            "role": "roles/container.nodeServiceAccount"
          },
          "sensitive_attributes": [],
          "private": "bnVsbA==",
          "dependencies": [
            "module.serviceAccount.google_service_account.gke_sa"
          ]
        },
        {
          "index_key": "roles/iam.serviceAccountUser",
          "schema_version": 0,
          "attributes": {
            "condition": [],
            "etag": "BwY7IjYam8U=",
            "id": "iqms-qolsys-71725/roles/iam.serviceAccountUser/serviceAccount:gke-dev-cluster@iqms-qolsys-71725.iam.gserviceaccount.com",
            "member": "serviceAccount:gke-dev-cluster@iqms-qolsys-71725.iam.gserviceaccount.com",
            "project": "iqms-qolsys-71725",
            "role": "roles/iam.serviceAccountUser"
          },
          "sensitive_attributes": [],
          "private": "bnVsbA==",
          "dependencies": [
            "module.serviceAccount.google_service_account.gke_sa"
          ]
        },
        {
          "index_key": "roles/iap.tunnelResourceAccessor",
          "schema_version": 0,
          "attributes": {
            "condition": [],
            "etag": "BwY7IjYam8U=",
            "id": "iqms-qolsys-71725/roles/iap.tunnelResourceAccessor/serviceAccount:gke-dev-cluster@iqms-qolsys-71725.iam.gserviceaccount.com",
            "member": "serviceAccount:gke-dev-cluster@iqms-qolsys-71725.iam.gserviceaccount.com",
            "project": "iqms-qolsys-71725",
            "role": "roles/iap.tunnelResourceAccessor"
          },
          "sensitive_attributes": [],
          "private": "bnVsbA==",
          "dependencies": [
            "module.serviceAccount.google_service_account.gke_sa"
          ]
        },
        {
          "index_key": "roles/logging.logWriter",
          "schema_version": 0,
          "attributes": {
            "condition": [],
            "etag": "BwY7IjYam8U=",
            "id": "iqms-qolsys-71725/roles/logging.logWriter/serviceAccount:gke-dev-cluster@iqms-qolsys-71725.iam.gserviceaccount.com",
            "member": "serviceAccount:gke-dev-cluster@iqms-qolsys-71725.iam.gserviceaccount.com",
            "project": "iqms-qolsys-71725",
            "role": "roles/logging.logWriter"
          },
          "sensitive_attributes": [],
          "private": "bnVsbA==",
          "dependencies": [
            "module.serviceAccount.google_service_account.gke_sa"
          ]
        },
        {
          "index_key": "roles/monitoring.metricWriter",
          "schema_version": 0,
          "attributes": {
            "condition": [],
            "etag": "BwY7IjYam8U=",
            "id": "iqms-qolsys-71725/roles/monitoring.metricWriter/serviceAccount:gke-dev-cluster@iqms-qolsys-71725.iam.gserviceaccount.com",
            "member": "serviceAccount:gke-dev-cluster@iqms-qolsys-71725.iam.gserviceaccount.com",
            "project": "iqms-qolsys-71725",
            "role": "roles/monitoring.metricWriter"
          },
          "sensitive_attributes": [],
          "private": "bnVsbA==",
          "dependencies": [
            "module.serviceAccount.google_service_account.gke_sa"
          ]
        }
      ]
    },
    {
      "module": "module.serviceAccount",
      "mode": "managed",
      "type": "google_service_account",
      "name": "gke_sa",
      "provider": "provider[\"registry.terraform.io/hashicorp/google\"]",
      "instances": [
        {
          "schema_version": 0,
          "attributes": {
            "account_id": "gke-dev-cluster",
            "create_ignore_already_exists": null,
            "description": "",
            "disabled": false,
            "display_name": "",
            "email": "gke-dev-cluster@iqms-qolsys-71725.iam.gserviceaccount.com",
            "id": "projects/iqms-qolsys-71725/serviceAccounts/gke-dev-cluster@iqms-qolsys-71725.iam.gserviceaccount.com",
            "member": "serviceAccount:gke-dev-cluster@iqms-qolsys-71725.iam.gserviceaccount.com",
            "name": "projects/iqms-qolsys-71725/serviceAccounts/gke-dev-cluster@iqms-qolsys-71725.iam.gserviceaccount.com",
            "project": "iqms-qolsys-71725",
            "timeouts": null,
            "unique_id": "101925185554930324306"
          },
          "sensitive_attributes": [],
          "private": "eyJlMmJmYjczMC1lY2FhLTExZTYtOGY4OC0zNDM2M2JjN2M0YzAiOnsiY3JlYXRlIjozMDAwMDAwMDAwMDB9fQ=="
        }
      ]
    }
  ],
  "check_results": null
}
